
Microsoft Visual Studio Solution File, Format Version 11.00
# Visual Studio 2010
Project("{F184B08F-C81C-45F6-A57F-5ABD9991F28F}") = "TUTORIAL_BUKU_KAS", "TUTORIAL_BUKU_KAS\TUTORIAL_BUKU_KAS.vbproj", "{B6600025-2606-4D2F-9D83-764643DB1969}"
EndProject
Global
	GlobalSection(SolutionConfigurationPlatforms) = preSolution
		Debug|x86 = Debug|x86
		Release|x86 = Release|x86
	EndGlobalSection
	GlobalSection(ProjectConfigurationPlatforms) = postSolution
		{B6600025-2606-4D2F-9D83-764643DB1969}.Debug|x86.ActiveCfg = Debug|x86
		{B6600025-2606-4D2F-9D83-764643DB1969}.Debug|x86.Build.0 = Debug|x86
		{B6600025-2606-4D2F-9D83-764643DB1969}.Release|x86.ActiveCfg = Release|x86
		{B6600025-2606-4D2F-9D83-764643DB1969}.Release|x86.Build.0 = Release|x86
	EndGlobalSection
	GlobalSection(SolutionProperties) = preSolution
		HideSolutionNode = FALSE
	EndGlobalSection
EndGlobal
